github.com/Nick-Anderssohn/go-ds v0.2.0 h1:IkCsfYE6akaNv1ENayewNppQ3rSq0WwJdyJrbTIhjJg=
github.com/Nick-Anderssohn/go-ds v0.2.0/go.mod h1:UmisQJq6Za/PIDp7zlK9rNvD7z8jXHJ5QkRMwnTtDqk=
github.com/Nick-Anderssohn/go-ds v0.2.1 h1:iJp5LRhqGkGuriS/Ty46uesJH6IJNZwv0UcRT4bPsGI=
github.com/Nick-Anderssohn/go-ds v0.2.1/go.mod h1:UmisQJq6Za/PIDp7zlK9rNvD7z8jXHJ5QkRMwnTtDqk=
github.com/Nick-Anderssohn/go-ds v0.2.2 h1:zhZfRMjgX+bCs+Dch8+44vDdBaMTnUS6u2DlqeJ+dso=
github.com/Nick-Anderssohn/go-ds v0.2.2/go.mod h1:UmisQJq6Za/PIDp7zlK9rNvD7z8jXHJ5QkRMwnTtDqk=
github.com/Nick-Anderssohn/go-ds v0.2.3 h1:zN8Atu4cv89Ji9S+Pi5Rbk9ehWgPcWLJs3MZqsL/S3s=
github.com/Nick-Anderssohn/go-ds v0.2.3/go.mod h1:UmisQJq6Za/PIDp7zlK9rNvD7z8jXHJ5QkRMwnTtDqk=
github.com/Nick-Anderssohn/go-ds v0.2.4 h1:/dsZ23v9sj9rQ90PXhKkTroFHJp1K6iDkvy6uy72Dds=
github.com/Nick-Anderssohn/go-ds v0.2.4/go.mod h1:UmisQJq6Za/PIDp7zlK9rNvD7z8jXHJ5QkRMwnTtDqk=
github.com/Nick-Anderssohn/go-ds v0.2.5 h1:e5C8JcLXbDBYx35wWLp3swd5j/PI/El4vpUsN0sQ27Q=
github.com/Nick-Anderssohn/go-ds v0.2.5/go.mod h1:UmisQJq6Za/PIDp7zlK9rNvD7z8jXHJ5QkRMwnTtDqk=
github.com/goforj/godump v1.0.5 h1:CUERViYkBfyXdkGSZNakbBgaljS7fcKNl7zRg01alUE=
github.com/goforj/godump v1.0.5/go.mod h1:X5gtdJEG0DZRxgG+g0QKjSZu5l+tRk/K3qnyYQVrEYA=
