github.com/Nick-Anderssohn/go-ds v0.2.0 h1:IkCsfYE6akaNv1ENayewNppQ3rSq0WwJdyJrbTIhjJg=
github.com/Nick-Anderssohn/go-ds v0.2.0/go.mod h1:UmisQJq6Za/PIDp7zlK9rNvD7z8jXHJ5QkRMwnTtDqk=
github.com/Nick-Anderssohn/go-ds v0.2.1 h1:iJp5LRhqGkGuriS/Ty46uesJH6IJNZwv0UcRT4bPsGI=
github.com/Nick-Anderssohn/go-ds v0.2.1/go.mod h1:UmisQJq6Za/PIDp7zlK9rNvD7z8jXHJ5QkRMwnTtDqk=
github.com/Nick-Anderssohn/go-ds v0.2.2 h1:zhZfRMjgX+bCs+Dch8+44vDdBaMTnUS6u2DlqeJ+dso=
github.com/Nick-Anderssohn/go-ds v0.2.2/go.mod h1:UmisQJq6Za/PIDp7zlK9rNvD7z8jXHJ5QkRMwnTtDqk=
